{
  "name": "skyscanner-tsx",
  "lockfileVersion": 3,
  "requires": true,
  "packages": {
    "": {
      "dependencies": {
        "@hookform/resolvers": "^5.0.1",
        "framer-motion": "^12.9.4",
        "react-hook-form": "^7.56.3",
        "zod": "^3.24.4"
      }
    },
    "node_modules/@hookform/resolvers": {
      "version": "5.0.1",
      "resolved": "https://registry.npmjs.org/@hookform/resolvers/-/resolvers-5.0.1.tgz",
      "integrity": "sha512-u/+Jp83luQNx9AdyW2fIPGY6Y7NG68eN2ZW8FOJYL+M0i4s49+refdJdOp/A9n9HFQtQs3HIDHQvX3ZET2o7YA==",
      "license": "MIT",
      "dependencies": {
        "@standard-schema/utils": "^0.3.0"
      },
      "peerDependencies": {
        "react-hook-form": "^7.55.0"
      }
    },
    "node_modules/@standard-schema/utils": {
      "version": "0.3.0",
      "resolved": "https://registry.npmjs.org/@standard-schema/utils/-/utils-0.3.0.tgz",
      "integrity": "sha512-e7Mew686owMaPJVNNLs55PUvgz371nKgwsc4vxE49zsODpJEnxgxRo2y/OKrqueavXgZNMDVj3DdHFlaSAeU8g==",
      "license": "MIT"
    },
    "node_modules/framer-motion": {
      "version": "12.9.4",
      "resolved": "https://registry.npmjs.org/framer-motion/-/framer-motion-12.9.4.tgz",
      "integrity": "sha512-yaeGDmGQ3eCQEwZ95/pRQMaSh/Q4E2CK6JYOclG/PdjyQad0MULJ+JFVV8911Fl5a6tF6o0wgW8Dpl5Qx4Adjg==",
      "license": "MIT",
      "dependencies": {
        "motion-dom": "^12.9.4",
        "motion-utils": "^12.9.4",
        "tslib": "^2.4.0"
      },
      "peerDependencies": {
        "@emotion/is-prop-valid": "*",
        "react": "^18.0.0 || ^19.0.0",
        "react-dom": "^18.0.0 || ^19.0.0"
      },
      "peerDependenciesMeta": {
        "@emotion/is-prop-valid": {
          "optional": true
        },
        "react": {
          "optional": true
        },
        "react-dom": {
          "optional": true
        }
      }
    },
    "node_modules/motion-dom": {
      "version": "12.9.4",
      "resolved": "https://registry.npmjs.org/motion-dom/-/motion-dom-12.9.4.tgz",
      "integrity": "sha512-25TWkQPj5I18m+qVjXGtCsxboY11DaRC5HMjd29tHKExazW4Zf4XtAagBdLpyKsVuAxEQ6cx5/E4AB21PFpLnQ==",
      "license": "MIT",
      "dependencies": {
        "motion-utils": "^12.9.4"
      }
    },
    "node_modules/motion-utils": {
      "version": "12.9.4",
      "resolved": "https://registry.npmjs.org/motion-utils/-/motion-utils-12.9.4.tgz",
      "integrity": "sha512-BW3I65zeM76CMsfh3kHid9ansEJk9Qvl+K5cu4DVHKGsI52n76OJ4z2CUJUV+Mn3uEP9k1JJA3tClG0ggSrRcg==",
      "license": "MIT"
    },
    "node_modules/react": {
      "version": "19.1.0",
      "resolved": "https://registry.npmjs.org/react/-/react-19.1.0.tgz",
      "integrity": "sha512-FS+XFBNvn3GTAWq26joslQgWNoFu08F4kl0J4CgdNKADkdSGXQyTCnKteIAJy96Br6YbpEU1LSzV5dYtjMkMDg==",
      "license": "MIT",
      "peer": true,
      "engines": {
        "node": ">=0.10.0"
      }
    },
    "node_modules/react-hook-form": {
      "version": "7.56.3",
      "resolved": "https://registry.npmjs.org/react-hook-form/-/react-hook-form-7.56.3.tgz",
      "integrity": "sha512-IK18V6GVbab4TAo1/cz3kqajxbDPGofdF0w7VHdCo0Nt8PrPlOZcuuDq9YYIV1BtjcX78x0XsldbQRQnQXWXmw==",
      "license": "MIT",
      "engines": {
        "node": ">=18.0.0"
      },
      "funding": {
        "type": "opencollective",
        "url": "https://opencollective.com/react-hook-form"
      },
      "peerDependencies": {
        "react": "^16.8.0 || ^17 || ^18 || ^19"
      }
    },
    "node_modules/tslib": {
      "version": "2.8.1",
      "resolved": "https://registry.npmjs.org/tslib/-/tslib-2.8.1.tgz",
      "integrity": "sha512-oJFu94HQb+KVduSUQL7wnpmqnfmLsOA/nAh6b6EH0wCEoK0/mPeXU6c3wKDV83MkOuHPRHtSXKKU99IBazS/2w==",
      "license": "0BSD"
    },
    "node_modules/zod": {
      "version": "3.24.4",
      "resolved": "https://registry.npmjs.org/zod/-/zod-3.24.4.tgz",
      "integrity": "sha512-OdqJE9UDRPwWsrHjLN2F8bPxvwJBK22EHLWtanu0LSYr5YqzsaaW3RMgmjwr8Rypg5k+meEJdSPXJZXE/yqOMg==",
      "license": "MIT",
      "funding": {
        "url": "https://github.com/sponsors/colinhacks"
      }
    }
  }
}
